
Microsoft Visual Studio Solution File, Format Version 12.00
# Visual Studio 2013
VisualStudioVersion = 12.0.31101.0
MinimumVisualStudioVersion = 10.0.40219.1
Project("{2150E333-8FDC-42A3-9474-1A3956D46DE8}") = "App", "App", "{7C79CCED-5B1B-4DEE-96D4-45030A14DB12}"
EndProject
Project("{FAE04EC0-301F-11D3-BF4B-00C04F79EFBC}") = "__NAME__.MessageBus", "__NAME__.MessageBus\__NAME__.MessageBus.csproj", "{AE64A886-361E-4078-BAA1-747231A78348}"
EndProject
Project("{2150E333-8FDC-42A3-9474-1A3956D46DE8}") = "Database", "Database", "{4946BBF6-4EC6-4531-AD6B-50D3DA33E6B5}"
EndProject
Project("{2150E333-8FDC-42A3-9474-1A3956D46DE8}") = ".build", ".build", "{3422E8CA-0C21-4EC6-8522-79621E17F756}"
	ProjectSection(SolutionItems) = preProject
		..\.semver = ..\.semver
		..\Gemfile = ..\Gemfile
		..\Rakefile = ..\Rakefile
		..\README.md = ..\README.md
	EndProjectSection
EndProject
Project("{FAE04EC0-301F-11D3-BF4B-00C04F79EFBC}") = "__NAME__.Database", "__NAME__.Database\__NAME__.Database.csproj", "{03F78D69-A903-4A5D-89BD-2D0BAAC21D1D}"
EndProject
Project("{2150E333-8FDC-42A3-9474-1A3956D46DE8}") = "Tests", "Tests", "{6071D6A5-C3E5-4942-8B17-C7BDAC90F8B2}"
EndProject
Project("{2150E333-8FDC-42A3-9474-1A3956D46DE8}") = "Logic", "Logic", "{76277D87-4086-4B93-8AE2-0F7BC4DD82D3}"
EndProject
Project("{FAE04EC0-301F-11D3-BF4B-00C04F79EFBC}") = "__NAME__.Domain", "__NAME__.Domain\__NAME__.Domain.csproj", "{386B7C40-6861-4E03-B94B-81D624BB4CA6}"
EndProject
Project("{FAE04EC0-301F-11D3-BF4B-00C04F79EFBC}") = "__NAME__.Tests", "__NAME__.Tests\__NAME__.Tests.csproj", "{50890398-E8E7-4E0D-A70D-AAB891B6FF79}"
EndProject
Project("{2150E333-8FDC-42A3-9474-1A3956D46DE8}") = "Messages", "Messages", "{06509F04-F11B-428B-84D4-44D5808AE5E3}"
EndProject
Project("{FAE04EC0-301F-11D3-BF4B-00C04F79EFBC}") = "__NAME__.Messages", "__NAME__.Messages\__NAME__.Messages.csproj", "{D1D380B5-F384-4DBA-86BF-9ECAEA8B6FED}"
EndProject
Project("{FAE04EC0-301F-11D3-BF4B-00C04F79EFBC}") = "__NAME__.Domain.Persistence", "__NAME__.Domain.Persistence\__NAME__.Domain.Persistence.csproj", "{E444FF50-C834-44A0-B97E-657BEB5AFFC8}"
EndProject
Project("{2150E333-8FDC-42A3-9474-1A3956D46DE8}") = ".nuget", ".nuget", "{436FEA75-7E60-457F-8F82-904018A1BED5}"
	ProjectSection(SolutionItems) = preProject
		..\nuget.config = ..\nuget.config
		.nuget\packages.config = .nuget\packages.config
	EndProjectSection
EndProject
Project("{FAE04EC0-301F-11D3-BF4B-00C04F79EFBC}") = "__NAME__.Api.Messages", "__NAME__.Api.Messages\__NAME__.Api.Messages.csproj", "{362C291F-0977-4329-882C-0562EA5FC5CD}"
EndProject
Project("{FAE04EC0-301F-11D3-BF4B-00C04F79EFBC}") = "__NAME__.Host", "__NAME__.Host\__NAME__.Host.csproj", "{042305AF-78BB-465B-A56B-BAAB48055EEC}"
EndProject
Global
	GlobalSection(SolutionConfigurationPlatforms) = preSolution
		Debug|Any CPU = Debug|Any CPU
		Release|Any CPU = Release|Any CPU
	EndGlobalSection
	GlobalSection(ProjectConfigurationPlatforms) = postSolution
		{AE64A886-361E-4078-BAA1-747231A78348}.Debug|Any CPU.ActiveCfg = Debug|Any CPU
		{AE64A886-361E-4078-BAA1-747231A78348}.Debug|Any CPU.Build.0 = Debug|Any CPU
		{AE64A886-361E-4078-BAA1-747231A78348}.Release|Any CPU.ActiveCfg = Release|Any CPU
		{AE64A886-361E-4078-BAA1-747231A78348}.Release|Any CPU.Build.0 = Release|Any CPU
		{03F78D69-A903-4A5D-89BD-2D0BAAC21D1D}.Debug|Any CPU.ActiveCfg = Debug|Any CPU
		{03F78D69-A903-4A5D-89BD-2D0BAAC21D1D}.Debug|Any CPU.Build.0 = Debug|Any CPU
		{03F78D69-A903-4A5D-89BD-2D0BAAC21D1D}.Release|Any CPU.ActiveCfg = Release|Any CPU
		{03F78D69-A903-4A5D-89BD-2D0BAAC21D1D}.Release|Any CPU.Build.0 = Release|Any CPU
		{386B7C40-6861-4E03-B94B-81D624BB4CA6}.Debug|Any CPU.ActiveCfg = Debug|Any CPU
		{386B7C40-6861-4E03-B94B-81D624BB4CA6}.Debug|Any CPU.Build.0 = Debug|Any CPU
		{386B7C40-6861-4E03-B94B-81D624BB4CA6}.Release|Any CPU.ActiveCfg = Release|Any CPU
		{386B7C40-6861-4E03-B94B-81D624BB4CA6}.Release|Any CPU.Build.0 = Release|Any CPU
		{50890398-E8E7-4E0D-A70D-AAB891B6FF79}.Debug|Any CPU.ActiveCfg = Debug|Any CPU
		{50890398-E8E7-4E0D-A70D-AAB891B6FF79}.Debug|Any CPU.Build.0 = Debug|Any CPU
		{50890398-E8E7-4E0D-A70D-AAB891B6FF79}.Release|Any CPU.ActiveCfg = Release|Any CPU
		{50890398-E8E7-4E0D-A70D-AAB891B6FF79}.Release|Any CPU.Build.0 = Release|Any CPU
		{D1D380B5-F384-4DBA-86BF-9ECAEA8B6FED}.Debug|Any CPU.ActiveCfg = Debug|Any CPU
		{D1D380B5-F384-4DBA-86BF-9ECAEA8B6FED}.Debug|Any CPU.Build.0 = Debug|Any CPU
		{D1D380B5-F384-4DBA-86BF-9ECAEA8B6FED}.Release|Any CPU.ActiveCfg = Release|Any CPU
		{D1D380B5-F384-4DBA-86BF-9ECAEA8B6FED}.Release|Any CPU.Build.0 = Release|Any CPU
		{E444FF50-C834-44A0-B97E-657BEB5AFFC8}.Debug|Any CPU.ActiveCfg = Debug|Any CPU
		{E444FF50-C834-44A0-B97E-657BEB5AFFC8}.Debug|Any CPU.Build.0 = Debug|Any CPU
		{E444FF50-C834-44A0-B97E-657BEB5AFFC8}.Release|Any CPU.ActiveCfg = Release|Any CPU
		{E444FF50-C834-44A0-B97E-657BEB5AFFC8}.Release|Any CPU.Build.0 = Release|Any CPU
		{362C291F-0977-4329-882C-0562EA5FC5CD}.Debug|Any CPU.ActiveCfg = Debug|Any CPU
		{362C291F-0977-4329-882C-0562EA5FC5CD}.Debug|Any CPU.Build.0 = Debug|Any CPU
		{362C291F-0977-4329-882C-0562EA5FC5CD}.Release|Any CPU.ActiveCfg = Release|Any CPU
		{362C291F-0977-4329-882C-0562EA5FC5CD}.Release|Any CPU.Build.0 = Release|Any CPU
		{042305AF-78BB-465B-A56B-BAAB48055EEC}.Debug|Any CPU.ActiveCfg = Debug|Any CPU
		{042305AF-78BB-465B-A56B-BAAB48055EEC}.Debug|Any CPU.Build.0 = Debug|Any CPU
		{042305AF-78BB-465B-A56B-BAAB48055EEC}.Release|Any CPU.ActiveCfg = Release|Any CPU
		{042305AF-78BB-465B-A56B-BAAB48055EEC}.Release|Any CPU.Build.0 = Release|Any CPU
	EndGlobalSection
	GlobalSection(SolutionProperties) = preSolution
		HideSolutionNode = FALSE
	EndGlobalSection
	GlobalSection(NestedProjects) = preSolution
		{AE64A886-361E-4078-BAA1-747231A78348} = {7C79CCED-5B1B-4DEE-96D4-45030A14DB12}
		{03F78D69-A903-4A5D-89BD-2D0BAAC21D1D} = {4946BBF6-4EC6-4531-AD6B-50D3DA33E6B5}
		{386B7C40-6861-4E03-B94B-81D624BB4CA6} = {76277D87-4086-4B93-8AE2-0F7BC4DD82D3}
		{50890398-E8E7-4E0D-A70D-AAB891B6FF79} = {6071D6A5-C3E5-4942-8B17-C7BDAC90F8B2}
		{D1D380B5-F384-4DBA-86BF-9ECAEA8B6FED} = {06509F04-F11B-428B-84D4-44D5808AE5E3}
		{E444FF50-C834-44A0-B97E-657BEB5AFFC8} = {76277D87-4086-4B93-8AE2-0F7BC4DD82D3}
		{362C291F-0977-4329-882C-0562EA5FC5CD} = {06509F04-F11B-428B-84D4-44D5808AE5E3}
		{042305AF-78BB-465B-A56B-BAAB48055EEC} = {7C79CCED-5B1B-4DEE-96D4-45030A14DB12}
	EndGlobalSection
EndGlobal
